PODS:
  - MBProgressHUD (0.6)
  - SDWebImage (3.2):
    - SDWebImage/Core
  - SDWebImage/Core (3.2)

DEPENDENCIES:
  - MBProgressHUD (~> 0.6)
  - SDWebImage (~> 3.2)

SPEC CHECKSUMS:
  MBProgressHUD: 9b55a90566fb5d07df0602f6fd9fa04510ad5d52
  SDWebImage: f742ac91b65bd34b6d452325115e2ded3a73380e

COCOAPODS: 0.20.2
